// !$*UTF8*$!
{
	archiveVersion = 1;
	classes = {
	};
	objectVersion = 46;
	objects = {

/* Begin PBXBuildFile section */
		A28562C0E3B6499F9DC8AEFB /* libPods.a in Frameworks */ = {isa = PBXBuildFile; fileRef = 62FF6E7DDE1A4B0BB0BF3973 /* libPods.a */; };
		E6121B80198FC5E400E72142 /* AppDelegate.swift in Sources */ = {isa = PBXBuildFile; fileRef = E6121B7F198FC5E400E72142 /* AppDelegate.swift */; };
		E6121B83198FC5E500E72142 /* SnarlySwift.xcdatamodeld in Sources */ = {isa = PBXBuildFile; fileRef = E6121B81198FC5E500E72142 /* SnarlySwift.xcdatamodeld */; };
		E6121B85198FC5E500E72142 /* ViewController.swift in Sources */ = {isa = PBXBuildFile; fileRef = E6121B84198FC5E500E72142 /* ViewController.swift */; };
		E6121B88198FC5E500E72142 /* Main.storyboard in Resources */ = {isa = PBXBuildFile; fileRef = E6121B86198FC5E500E72142 /* Main.storyboard */; };
		E6121B8A198FC5E500E72142 /* Images.xcassets in Resources */ = {isa = PBXBuildFile; fileRef = E6121B89198FC5E500E72142 /* Images.xcassets */; };
		E6121B96198FC5E500E72142 /* SnarlySwiftTests.swift in Sources */ = {isa = PBXBuildFile; fileRef = E6121B95198FC5E500E72142 /* SnarlySwiftTests.swift */; };
		E6121BA1198FCC0000E72142 /* MapKit.framework in Frameworks */ = {isa = PBXBuildFile; fileRef = E6121BA0198FCC0000E72142 /* MapKit.framework */; };
		E6121BA4198FD34400E72142 /* SpotsViewController.swift in Sources */ = {isa = PBXBuildFile; fileRef = E6121BA3198FD34400E72142 /* SpotsViewController.swift */; };
		E62A6AF619923C4A00118206 /* SpotDetailController.swift in Sources */ = {isa = PBXBuildFile; fileRef = E62A6AF519923C4A00118206 /* SpotDetailController.swift */; };
		E62A6AFF1992463E00118206 /* Spots.swift in Sources */ = {isa = PBXBuildFile; fileRef = E62A6AFE1992463E00118206 /* Spots.swift */; };
		E6B5F3D0198FFBCB00FAE0DA /* EditSpotViewController.swift in Sources */ = {isa = PBXBuildFile; fileRef = E6B5F3CF198FFBCB00FAE0DA /* EditSpotViewController.swift */; };
		E6C6061B1991182000338777 /* SpotCell.swift in Sources */ = {isa = PBXBuildFile; fileRef = E6C6061A1991182000338777 /* SpotCell.swift */; };
/* End PBXBuildFile section */

/* Begin PBXContainerItemProxy section */
		E6121B90198FC5E500E72142 /* PBXContainerItemProxy */ = {
			isa = PBXContainerItemProxy;
			containerPortal = E6121B72198FC5E400E72142 /* Project object */;
			proxyType = 1;
			remoteGlobalIDString = E6121B79198FC5E400E72142;
			remoteInfo = SnarlySwift;
		};
/* End PBXContainerItemProxy section */

/* Begin PBXFileReference section */
		2F2C79072E42431FB1E63BBA /* Pods.xcconfig */ = {isa = PBXFileReference; includeInIndex = 1; lastKnownFileType = text.xcconfig; name = Pods.xcconfig; path = Pods/Pods.xcconfig; sourceTree = "<group>"; };
		62FF6E7DDE1A4B0BB0BF3973 /* libPods.a */ = {isa = PBXFileReference; explicitFileType = archive.ar; includeInIndex = 0; path = libPods.a; sourceTree = BUILT_PRODUCTS_DIR; };
		E6121B7A198FC5E400E72142 /* SnarlySwift.app */ = {isa = PBXFileReference; explicitFileType = wrapper.application; includeInIndex = 0; path = SnarlySwift.app; sourceTree = BUILT_PRODUCTS_DIR; };
		E6121B7E198FC5E400E72142 /* Info.plist */ = {isa = PBXFileReference; lastKnownFileType = text.plist.xml; path = Info.plist; sourceTree = "<group>"; };
		E6121B7F198FC5E400E72142 /* AppDelegate.swift */ = {isa = PBXFileReference; lastKnownFileType = sourcecode.swift; path = AppDelegate.swift; sourceTree = "<group>"; };
		E6121B82198FC5E500E72142 /* SnarlySwift.xcdatamodel */ = {isa = PBXFileReference; lastKnownFileType = wrapper.xcdatamodel; path = SnarlySwift.xcdatamodel; sourceTree = "<group>"; };
		E6121B84198FC5E500E72142 /* ViewController.swift */ = {isa = PBXFileReference; lastKnownFileType = sourcecode.swift; path = ViewController.swift; sourceTree = "<group>"; };
		E6121B87198FC5E500E72142 /* Base */ = {isa = PBXFileReference; lastKnownFileType = file.storyboard; name = Base; path = Base.lproj/Main.storyboard; sourceTree = "<group>"; };
		E6121B89198FC5E500E72142 /* Images.xcassets */ = {isa = PBXFileReference; lastKnownFileType = folder.assetcatalog; path = Images.xcassets; sourceTree = "<group>"; };
		E6121B8F198FC5E500E72142 /* SnarlySwiftTests.xctest */ = {isa = PBXFileReference; explicitFileType = wrapper.cfbundle; includeInIndex = 0; path = SnarlySwiftTests.xctest; sourceTree = BUILT_PRODUCTS_DIR; };
		E6121B94198FC5E500E72142 /* Info.plist */ = {isa = PBXFileReference; lastKnownFileType = text.plist.xml; path = Info.plist; sourceTree = "<group>"; };
		E6121B95198FC5E500E72142 /* SnarlySwiftTests.swift */ = {isa = PBXFileReference; lastKnownFileType = sourcecode.swift; path = SnarlySwiftTests.swift; sourceTree = "<group>"; };
		E6121B9F198FCBF600E72142 /* SnarlySwift.entitlements */ = {isa = PBXFileReference; lastKnownFileType = text.xml; path = SnarlySwift.entitlements; sourceTree = "<group>"; };
		E6121BA0198FCC0000E72142 /* MapKit.framework */ = {isa = PBXFileReference; lastKnownFileType = wrapper.framework; name = MapKit.framework; path = System/Library/Frameworks/MapKit.framework; sourceTree = SDKROOT; };
		E6121BA3198FD34400E72142 /* SpotsViewController.swift */ = {isa = PBXFileReference; fileEncoding = 4; lastKnownFileType = sourcecode.swift; path = SpotsViewController.swift; sourceTree = "<group>"; };
		E62A6AF519923C4A00118206 /* SpotDetailController.swift */ = {isa = PBXFileReference; fileEncoding = 4; lastKnownFileType = sourcecode.swift; path = SpotDetailController.swift; sourceTree = "<group>"; };
		E62A6AFE1992463E00118206 /* Spots.swift */ = {isa = PBXFileReference; fileEncoding = 4; lastKnownFileType = sourcecode.swift; path = Spots.swift; sourceTree = "<group>"; };
		E67D63E51990ECDF0086DCB1 /* SnarlySwift-Bridging-Header.h */ = {isa = PBXFileReference; lastKnownFileType = sourcecode.c.h; path = "SnarlySwift-Bridging-Header.h"; sourceTree = "<group>"; };
		E6B5F3CF198FFBCB00FAE0DA /* EditSpotViewController.swift */ = {isa = PBXFileReference; fileEncoding = 4; lastKnownFileType = sourcecode.swift; path = EditSpotViewController.swift; sourceTree = "<group>"; };
		E6C6061A1991182000338777 /* SpotCell.swift */ = {isa = PBXFileReference; fileEncoding = 4; lastKnownFileType = sourcecode.swift; path = SpotCell.swift; sourceTree = "<group>"; };
		E6FF51EA1B2B1B9300486421 /* SnarlySwift 2.xcdatamodel */ = {isa = PBXFileReference; lastKnownFileType = wrapper.xcdatamodel; path = "SnarlySwift 2.xcdatamodel"; sourceTree = "<group>"; };
/* End PBXFileReference section */

/* Begin PBXFrameworksBuildPhase section */
		E6121B77198FC5E400E72142 /* Frameworks */ = {
			isa = PBXFrameworksBuildPhase;
			buildActionMask = 2147483647;
			files = (
				E6121BA1198FCC0000E72142 /* MapKit.framework in Frameworks */,
				A28562C0E3B6499F9DC8AEFB /* libPods.a in Frameworks */,
			);
			runOnlyForDeploymentPostprocessing = 0;
		};
		E6121B8C198FC5E500E72142 /* Frameworks */ = {
			isa = PBXFrameworksBuildPhase;
			buildActionMask = 2147483647;
			files = (
			);
			runOnlyForDeploymentPostprocessing = 0;
		};
/* End PBXFrameworksBuildPhase section */

/* Begin PBXGroup section */
		E6121B71198FC5E400E72142 = {
			isa = PBXGroup;
			children = (
				E6121B7C198FC5E400E72142 /* SnarlySwift */,
				E6121B92198FC5E500E72142 /* SnarlySwiftTests */,
				E6121B7B198FC5E400E72142 /* Products */,
				E6121BA2198FCC1000E72142 /* Frameworks */,
				2F2C79072E42431FB1E63BBA /* Pods.xcconfig */,
			);
			sourceTree = "<group>";
		};
		E6121B7B198FC5E400E72142 /* Products */ = {
			isa = PBXGroup;
			children = (
				E6121B7A198FC5E400E72142 /* SnarlySwift.app */,
				E6121B8F198FC5E500E72142 /* SnarlySwiftTests.xctest */,
			);
			name = Products;
			sourceTree = "<group>";
		};
		E6121B7C198FC5E400E72142 /* SnarlySwift */ = {
			isa = PBXGroup;
			children = (
				E6121B9F198FCBF600E72142 /* SnarlySwift.entitlements */,
				E6121B7F198FC5E400E72142 /* AppDelegate.swift */,
				E6121B84198FC5E500E72142 /* ViewController.swift */,
				E6121B86198FC5E500E72142 /* Main.storyboard */,
				E6121B89198FC5E500E72142 /* Images.xcassets */,
				E6121B81198FC5E500E72142 /* SnarlySwift.xcdatamodeld */,
				E62A6AFE1992463E00118206 /* Spots.swift */,
				E6121B7D198FC5E400E72142 /* Supporting Files */,
				E6121BA3198FD34400E72142 /* SpotsViewController.swift */,
				E6B5F3CF198FFBCB00FAE0DA /* EditSpotViewController.swift */,
				E62A6AF519923C4A00118206 /* SpotDetailController.swift */,
				E67D63E51990ECDF0086DCB1 /* SnarlySwift-Bridging-Header.h */,
				E6C6061A1991182000338777 /* SpotCell.swift */,
			);
			path = SnarlySwift;
			sourceTree = "<group>";
		};
		E6121B7D198FC5E400E72142 /* Supporting Files */ = {
			isa = PBXGroup;
			children = (
				E6121B7E198FC5E400E72142 /* Info.plist */,
			);
			name = "Supporting Files";
			sourceTree = "<group>";
		};
		E6121B92198FC5E500E72142 /* SnarlySwiftTests */ = {
			isa = PBXGroup;
			children = (
				E6121B95198FC5E500E72142 /* SnarlySwiftTests.swift */,
				E6121B93198FC5E500E72142 /* Supporting Files */,
			);
			path = SnarlySwiftTests;
			sourceTree = "<group>";
		};
		E6121B93198FC5E500E72142 /* Supporting Files */ = {
			isa = PBXGroup;
			children = (
				E6121B94198FC5E500E72142 /* Info.plist */,
			);
			name = "Supporting Files";
			sourceTree = "<group>";
		};
		E6121BA2198FCC1000E72142 /* Frameworks */ = {
			isa = PBXGroup;
			children = (
				E6121BA0198FCC0000E72142 /* MapKit.framework */,
				62FF6E7DDE1A4B0BB0BF3973 /* libPods.a */,
			);
			name = Frameworks;
			sourceTree = "<group>";
		};
/* End PBXGroup section */

/* Begin PBXNativeTarget section */
		E6121B79198FC5E400E72142 /* SnarlySwift */ = {
			isa = PBXNativeTarget;
			buildConfigurationList = E6121B99198FC5E500E72142 /* Build configuration list for PBXNativeTarget "SnarlySwift" */;
			buildPhases = (
				4D6A15518E304DBCA2BF82CD /* Check Pods Manifest.lock */,
				E6121B76198FC5E400E72142 /* Sources */,
				E6121B77198FC5E400E72142 /* Frameworks */,
				E6121B78198FC5E400E72142 /* Resources */,
				04F2F16C62664C79BB4F504D /* Copy Pods Resources */,
			);
			buildRules = (
			);
			dependencies = (
			);
			name = SnarlySwift;
			productName = SnarlySwift;
			productReference = E6121B7A198FC5E400E72142 /* SnarlySwift.app */;
			productType = "com.apple.product-type.application";
		};
		E6121B8E198FC5E500E72142 /* SnarlySwiftTests */ = {
			isa = PBXNativeTarget;
			buildConfigurationList = E6121B9C198FC5E500E72142 /* Build configuration list for PBXNativeTarget "SnarlySwiftTests" */;
			buildPhases = (
				E6121B8B198FC5E500E72142 /* Sources */,
				E6121B8C198FC5E500E72142 /* Frameworks */,
				E6121B8D198FC5E500E72142 /* Resources */,
			);
			buildRules = (
			);
			dependencies = (
				E6121B91198FC5E500E72142 /* PBXTargetDependency */,
			);
			name = SnarlySwiftTests;
			productName = SnarlySwiftTests;
			productReference = E6121B8F198FC5E500E72142 /* SnarlySwiftTests.xctest */;
			productType = "com.apple.product-type.bundle.unit-test";
		};
/* End PBXNativeTarget section */

/* Begin PBXProject section */
		E6121B72198FC5E400E72142 /* Project object */ = {
			isa = PBXProject;
			attributes = {
				LastUpgradeCheck = 0600;
				ORGANIZATIONNAME = andrevv;
				TargetAttributes = {
					E6121B79198FC5E400E72142 = {
						CreatedOnToolsVersion = 6.0;
						DevelopmentTeam = DJF735V9FK;
						SystemCapabilities = {
							com.apple.Maps.iOS = {
								enabled = 1;
							};
							com.apple.iCloud = {
								enabled = 1;
							};
						};
					};
					E6121B8E198FC5E500E72142 = {
						CreatedOnToolsVersion = 6.0;
						TestTargetID = E6121B79198FC5E400E72142;
					};
				};
			};
			buildConfigurationList = E6121B75198FC5E400E72142 /* Build configuration list for PBXProject "snarly" */;
			compatibilityVersion = "Xcode 3.2";
			developmentRegion = English;
			hasScannedForEncodings = 0;
			knownRegions = (
				en,
				Base,
			);
			mainGroup = E6121B71198FC5E400E72142;
			productRefGroup = E6121B7B198FC5E400E72142 /* Products */;
			projectDirPath = "";
			projectRoot = "";
			targets = (
				E6121B79198FC5E400E72142 /* SnarlySwift */,
				E6121B8E198FC5E500E72142 /* SnarlySwiftTests */,
			);
		};
/* End PBXProject section */

/* Begin PBXResourcesBuildPhase section */
		E6121B78198FC5E400E72142 /* Resources */ = {
			isa = PBXResourcesBuildPhase;
			buildActionMask = 2147483647;
			files = (
				E6121B88198FC5E500E72142 /* Main.storyboard in Resources */,
				E6121B8A198FC5E500E72142 /* Images.xcassets in Resources */,
			);
			runOnlyForDeploymentPostprocessing = 0;
		};
		E6121B8D198FC5E500E72142 /* Resources */ = {
			isa = PBXResourcesBuildPhase;
			buildActionMask = 2147483647;
			files = (
			);
			runOnlyForDeploymentPostprocessing = 0;
		};
/* End PBXResourcesBuildPhase section */

/* Begin PBXShellScriptBuildPhase section */
		04F2F16C62664C79BB4F504D /* Copy Pods Resources */ = {
			isa = PBXShellScriptBuildPhase;
			buildActionMask = 2147483647;
			files = (
			);
			inputPaths = (
			);
			name = "Copy Pods Resources";
			outputPaths = (
			);
			runOnlyForDeploymentPostprocessing = 0;
			shellPath = /bin/sh;
			shellScript = "\"${SRCROOT}/Pods/Pods-resources.sh\"\n";
			showEnvVarsInLog = 0;
		};
		4D6A15518E304DBCA2BF82CD /* Check Pods Manifest.lock */ = {
			isa = PBXShellScriptBuildPhase;
			buildActionMask = 2147483647;
			files = (
			);
			inputPaths = (
			);
			name = "Check Pods Manifest.lock";
			outputPaths = (
			);
			runOnlyForDeploymentPostprocessing = 0;
			shellPath = /bin/sh;
			shellScript = "diff \"${PODS_ROOT}/../Podfile.lock\" \"${PODS_ROOT}/Manifest.lock\" > /dev/null\nif [[ $? != 0 ]] ; then\n    cat << EOM\nerror: The sandbox is not in sync with the Podfile.lock. Run 'pod install' or update your CocoaPods installation.\nEOM\n    exit 1\nfi\n";
			showEnvVarsInLog = 0;
		};
/* End PBXShellScriptBuildPhase section */

/* Begin PBXSourcesBuildPhase section */
		E6121B76198FC5E400E72142 /* Sources */ = {
			isa = PBXSourcesBuildPhase;
			buildActionMask = 2147483647;
			files = (
				E6121BA4198FD34400E72142 /* SpotsViewController.swift in Sources */,
				E6B5F3D0198FFBCB00FAE0DA /* EditSpotViewController.swift in Sources */,
				E6121B85198FC5E500E72142 /* ViewController.swift in Sources */,
				E6C6061B1991182000338777 /* SpotCell.swift in Sources */,
				E62A6AF619923C4A00118206 /* SpotDetailController.swift in Sources */,
				E6121B83198FC5E500E72142 /* SnarlySwift.xcdatamodeld in Sources */,
				E6121B80198FC5E400E72142 /* AppDelegate.swift in Sources */,
				E62A6AFF1992463E00118206 /* Spots.swift in Sources */,
			);
			runOnlyForDeploymentPostprocessing = 0;
		};
		E6121B8B198FC5E500E72142 /* Sources */ = {
			isa = PBXSourcesBuildPhase;
			buildActionMask = 2147483647;
			files = (
				E6121B96198FC5E500E72142 /* SnarlySwiftTests.swift in Sources */,
			);
			runOnlyForDeploymentPostprocessing = 0;
		};
/* End PBXSourcesBuildPhase section */

/* Begin PBXTargetDependency section */
		E6121B91198FC5E500E72142 /* PBXTargetDependency */ = {
			isa = PBXTargetDependency;
			target = E6121B79198FC5E400E72142 /* SnarlySwift */;
			targetProxy = E6121B90198FC5E500E72142 /* PBXContainerItemProxy */;
		};
/* End PBXTargetDependency section */

/* Begin PBXVariantGroup section */
		E6121B86198FC5E500E72142 /* Main.storyboard */ = {
			isa = PBXVariantGroup;
			children = (
				E6121B87198FC5E500E72142 /* Base */,
			);
			name = Main.storyboard;
			sourceTree = "<group>";
		};
/* End PBXVariantGroup section */

/* Begin XCBuildConfiguration section */
		E6121B97198FC5E500E72142 /* Debug */ = {
			isa = XCBuildConfiguration;
			buildSettings = {
				ALWAYS_SEARCH_USER_PATHS = NO;
				CLANG_CXX_LANGUAGE_STANDARD = "gnu++0x";
				CLANG_CXX_LIBRARY = "libc++";
				CLANG_ENABLE_MODULES = YES;
				CLANG_ENABLE_OBJC_ARC = YES;
				CLANG_WARN_BOOL_CONVERSION = YES;
				CLANG_WARN_CONSTANT_CONVERSION = YES;
				CLANG_WARN_DIRECT_OBJC_ISA_USAGE = YES_ERROR;
				CLANG_WARN_EMPTY_BODY = YES;
				CLANG_WARN_ENUM_CONVERSION = YES;
				CLANG_WARN_INT_CONVERSION = YES;
				CLANG_WARN_OBJC_ROOT_CLASS = YES_ERROR;
				CLANG_WARN_UNREACHABLE_CODE = YES;
				CLANG_WARN__DUPLICATE_METHOD_MATCH = YES;
				"CODE_SIGN_IDENTITY[sdk=iphoneos*]" = "iPhone Developer";
				COPY_PHASE_STRIP = NO;
				ENABLE_STRICT_OBJC_MSGSEND = YES;
				GCC_C_LANGUAGE_STANDARD = gnu99;
				GCC_DYNAMIC_NO_PIC = NO;
				GCC_OPTIMIZATION_LEVEL = 0;
				GCC_PREPROCESSOR_DEFINITIONS = (
					"DEBUG=1",
					"$(inherited)",
				);
				GCC_SYMBOLS_PRIVATE_EXTERN = NO;
				GCC_WARN_64_TO_32_BIT_CONVERSION = YES;
				GCC_WARN_ABOUT_RETURN_TYPE = YES_ERROR;
				GCC_WARN_UNDECLARED_SELECTOR = YES;
				GCC_WARN_UNINITIALIZED_AUTOS = YES_AGGRESSIVE;
				GCC_WARN_UNUSED_FUNCTION = YES;
				GCC_WARN_UNUSED_VARIABLE = YES;
				IPHONEOS_DEPLOYMENT_TARGET = 8.0;
				MTL_ENABLE_DEBUG_INFO = YES;
				ONLY_ACTIVE_ARCH = YES;
				SDKROOT = iphoneos;
				SWIFT_OPTIMIZATION_LEVEL = "-Onone";
			};
			name = Debug;
		};
		E6121B98198FC5E500E72142 /* Release */ = {
			isa = XCBuildConfiguration;
			buildSettings = {
				ALWAYS_SEARCH_USER_PATHS = NO;
				CLANG_CXX_LANGUAGE_STANDARD = "gnu++0x";
				CLANG_CXX_LIBRARY = "libc++";
				CLANG_ENABLE_MODULES = YES;
				CLANG_ENABLE_OBJC_ARC = YES;
				CLANG_WARN_BOOL_CONVERSION = YES;
				CLANG_WARN_CONSTANT_CONVERSION = YES;
				CLANG_WARN_DIRECT_OBJC_ISA_USAGE = YES_ERROR;
				CLANG_WARN_EMPTY_BODY = YES;
				CLANG_WARN_ENUM_CONVERSION = YES;
				CLANG_WARN_INT_CONVERSION = YES;
				CLANG_WARN_OBJC_ROOT_CLASS = YES_ERROR;
				CLANG_WARN_UNREACHABLE_CODE = YES;
				CLANG_WARN__DUPLICATE_METHOD_MATCH = YES;
				"CODE_SIGN_IDENTITY[sdk=iphoneos*]" = "iPhone Developer";
				COPY_PHASE_STRIP = YES;
				ENABLE_NS_ASSERTIONS = NO;
				ENABLE_STRICT_OBJC_MSGSEND = YES;
				GCC_C_LANGUAGE_STANDARD = gnu99;
				GCC_WARN_64_TO_32_BIT_CONVERSION = YES;
				GCC_WARN_ABOUT_RETURN_TYPE = YES_ERROR;
				GCC_WARN_UNDECLARED_SELECTOR = YES;
				GCC_WARN_UNINITIALIZED_AUTOS = YES_AGGRESSIVE;
				GCC_WARN_UNUSED_FUNCTION = YES;
				GCC_WARN_UNUSED_VARIABLE = YES;
				IPHONEOS_DEPLOYMENT_TARGET = 8.0;
				MTL_ENABLE_DEBUG_INFO = NO;
				SDKROOT = iphoneos;
				VALIDATE_PRODUCT = YES;
			};
			name = Release;
		};
		E6121B9A198FC5E500E72142 /* Debug */ = {
			isa = XCBuildConfiguration;
			baseConfigurationReference = 2F2C79072E42431FB1E63BBA /* Pods.xcconfig */;
			buildSettings = {
				ASSETCATALOG_COMPILER_APPICON_NAME = AppIcon;
				ASSETCATALOG_COMPILER_LAUNCHIMAGE_NAME = LaunchImage;
				CODE_SIGN_ENTITLEMENTS = SnarlySwift/SnarlySwift.entitlements;
				CODE_SIGN_IDENTITY = "iPhone Developer";
				"CODE_SIGN_IDENTITY[sdk=iphoneos*]" = "iPhone Developer";
				INFOPLIST_FILE = SnarlySwift/Info.plist;
				IPHONEOS_DEPLOYMENT_TARGET = 8.1;
				LD_RUNPATH_SEARCH_PATHS = "$(inherited) @executable_path/Frameworks";
				ONLY_ACTIVE_ARCH = NO;
				PRODUCT_NAME = "$(TARGET_NAME)";
				PROVISIONING_PROFILE = "";
				SWIFT_OBJC_BRIDGING_HEADER = "SnarlySwift/SnarlySwift-Bridging-Header.h";
			};
			name = Debug;
		};
		E6121B9B198FC5E500E72142 /* Release */ = {
			isa = XCBuildConfiguration;
			baseConfigurationReference = 2F2C79072E42431FB1E63BBA /* Pods.xcconfig */;
			buildSettings = {
				ASSETCATALOG_COMPILER_APPICON_NAME = AppIcon;
				ASSETCATALOG_COMPILER_LAUNCHIMAGE_NAME = LaunchImage;
				CODE_SIGN_ENTITLEMENTS = SnarlySwift/SnarlySwift.entitlements;
				CODE_SIGN_IDENTITY = "iPhone Developer";
				"CODE_SIGN_IDENTITY[sdk=iphoneos*]" = "iPhone Developer";
				INFOPLIST_FILE = SnarlySwift/Info.plist;
				IPHONEOS_DEPLOYMENT_TARGET = 8.1;
				LD_RUNPATH_SEARCH_PATHS = "$(inherited) @executable_path/Frameworks";
				ONLY_ACTIVE_ARCH = NO;
				PRODUCT_NAME = "$(TARGET_NAME)";
				PROVISIONING_PROFILE = "";
				SWIFT_OBJC_BRIDGING_HEADER = "SnarlySwift/SnarlySwift-Bridging-Header.h";
			};
			name = Release;
		};
		E6121B9D198FC5E500E72142 /* Debug */ = {
			isa = XCBuildConfiguration;
			buildSettings = {
				BUNDLE_LOADER = "$(BUILT_PRODUCTS_DIR)/SnarlySwift.app/SnarlySwift";
				FRAMEWORK_SEARCH_PATHS = (
					"$(SDKROOT)/Developer/Library/Frameworks",
					"$(inherited)",
				);
				GCC_PREPROCESSOR_DEFINITIONS = (
					"DEBUG=1",
					"$(inherited)",
				);
				INFOPLIST_FILE = SnarlySwiftTests/Info.plist;
				LD_RUNPATH_SEARCH_PATHS = "$(inherited) @executable_path/Frameworks @loader_path/Frameworks";
				PRODUCT_NAME = "$(TARGET_NAME)";
				TEST_HOST = "$(BUNDLE_LOADER)";
			};
			name = Debug;
		};
		E6121B9E198FC5E500E72142 /* Release */ = {
			isa = XCBuildConfiguration;
			buildSettings = {
				BUNDLE_LOADER = "$(BUILT_PRODUCTS_DIR)/SnarlySwift.app/SnarlySwift";
				FRAMEWORK_SEARCH_PATHS = (
					"$(SDKROOT)/Developer/Library/Frameworks",
					"$(inherited)",
				);
				INFOPLIST_FILE = SnarlySwiftTests/Info.plist;
				LD_RUNPATH_SEARCH_PATHS = "$(inherited) @executable_path/Frameworks @loader_path/Frameworks";
				PRODUCT_NAME = "$(TARGET_NAME)";
				TEST_HOST = "$(BUNDLE_LOADER)";
			};
			name = Release;
		};
/* End XCBuildConfiguration section */

/* Begin XCConfigurationList section */
		E6121B75198FC5E400E72142 /* Build configuration list for PBXProject "snarly" */ = {
			isa = XCConfigurationList;
			buildConfigurations = (
				E6121B97198FC5E500E72142 /* Debug */,
				E6121B98198FC5E500E72142 /* Release */,
			);
			defaultConfigurationIsVisible = 0;
			defaultConfigurationName = Release;
		};
		E6121B99198FC5E500E72142 /* Build configuration list for PBXNativeTarget "SnarlySwift" */ = {
			isa = XCConfigurationList;
			buildConfigurations = (
				E6121B9A198FC5E500E72142 /* Debug */,
				E6121B9B198FC5E500E72142 /* Release */,
			);
			defaultConfigurationIsVisible = 0;
			defaultConfigurationName = Release;
		};
		E6121B9C198FC5E500E72142 /* Build configuration list for PBXNativeTarget "SnarlySwiftTests" */ = {
			isa = XCConfigurationList;
			buildConfigurations = (
				E6121B9D198FC5E500E72142 /* Debug */,
				E6121B9E198FC5E500E72142 /* Release */,
			);
			defaultConfigurationIsVisible = 0;
			defaultConfigurationName = Release;
		};
/* End XCConfigurationList section */

/* Begin XCVersionGroup section */
		E6121B81198FC5E500E72142 /* SnarlySwift.xcdatamodeld */ = {
			isa = XCVersionGroup;
			children = (
				E6FF51EA1B2B1B9300486421 /* SnarlySwift 2.xcdatamodel */,
				E6121B82198FC5E500E72142 /* SnarlySwift.xcdatamodel */,
			);
			currentVersion = E6FF51EA1B2B1B9300486421 /* SnarlySwift 2.xcdatamodel */;
			path = SnarlySwift.xcdatamodeld;
			sourceTree = "<group>";
			versionGroupType = wrapper.xcdatamodel;
		};
/* End XCVersionGroup section */
	};
	rootObject = E6121B72198FC5E400E72142 /* Project object */;
}
